
Microsoft Visual Studio Solution File, Format Version 12.00
# Visual Studio Version 16
VisualStudioVersion = 16.0.30413.136
MinimumVisualStudioVersion = 10.0.40219.1
Project("{FAE04EC0-301F-11D3-BF4B-00C04F79EFBC}") = "CRUD2", "CRUD2\CRUD2.csproj", "{32243AF8-05F9-4232-814C-68FBBCE7BF98}"
EndProject
Global
	GlobalSection(SolutionConfigurationPlatforms) = preSolution
		Debug|Any CPU = Debug|Any CPU
		Release|Any CPU = Release|Any CPU
	EndGlobalSection
	GlobalSection(ProjectConfigurationPlatforms) = postSolution
		{32243AF8-05F9-4232-814C-68FBBCE7BF98}.Debug|Any CPU.ActiveCfg = Debug|Any CPU
		{32243AF8-05F9-4232-814C-68FBBCE7BF98}.Debug|Any CPU.Build.0 = Debug|Any CPU
		{32243AF8-05F9-4232-814C-68FBBCE7BF98}.Release|Any CPU.ActiveCfg = Release|Any CPU
		{32243AF8-05F9-4232-814C-68FBBCE7BF98}.Release|Any CPU.Build.0 = Release|Any CPU
	EndGlobalSection
	GlobalSection(SolutionProperties) = preSolution
		HideSolutionNode = FALSE
	EndGlobalSection
	GlobalSection(ExtensibilityGlobals) = postSolution
		SolutionGuid = {63E978F3-6803-45CE-A5F3-E8EBE438C7E5}
	EndGlobalSection
EndGlobal
